
Microsoft Visual Studio Solution File, Format Version 12.00
# Visual Studio Version 17
VisualStudioVersion = 17.4.33122.133
MinimumVisualStudioVersion = 10.0.40219.1
Project("{9A19103F-16F7-4668-BE54-9A1E7A4F7556}") = "BalazorTicTacToe.Server", "src\Server\BalazorTicTacToe.Server.csproj", "{DD052DE9-1D1B-43F9-8FDB-E884094FBCE3}"
EndProject
Project("{9A19103F-16F7-4668-BE54-9A1E7A4F7556}") = "BalazorTicTacToe.Client", "src\Client\BalazorTicTacToe.Client.csproj", "{ECAF02A1-1CF6-4449-9B76-D7CA22DCB232}"
EndProject
Project("{9A19103F-16F7-4668-BE54-9A1E7A4F7556}") = "BalazorTicTacToe.Shared", "src\Shared\BalazorTicTacToe.Shared.csproj", "{349DF8C0-6746-4EC5-A58E-387682D67081}"
EndProject
Global
	GlobalSection(SolutionConfigurationPlatforms) = preSolution
		Debug|Any CPU = Debug|Any CPU
		Release|Any CPU = Release|Any CPU
	EndGlobalSection
	GlobalSection(ProjectConfigurationPlatforms) = postSolution
		{DD052DE9-1D1B-43F9-8FDB-E884094FBCE3}.Debug|Any CPU.ActiveCfg = Debug|Any CPU
		{DD052DE9-1D1B-43F9-8FDB-E884094FBCE3}.Debug|Any CPU.Build.0 = Debug|Any CPU
		{DD052DE9-1D1B-43F9-8FDB-E884094FBCE3}.Release|Any CPU.ActiveCfg = Release|Any CPU
		{DD052DE9-1D1B-43F9-8FDB-E884094FBCE3}.Release|Any CPU.Build.0 = Release|Any CPU
		{ECAF02A1-1CF6-4449-9B76-D7CA22DCB232}.Debug|Any CPU.ActiveCfg = Debug|Any CPU
		{ECAF02A1-1CF6-4449-9B76-D7CA22DCB232}.Debug|Any CPU.Build.0 = Debug|Any CPU
		{ECAF02A1-1CF6-4449-9B76-D7CA22DCB232}.Release|Any CPU.ActiveCfg = Release|Any CPU
		{ECAF02A1-1CF6-4449-9B76-D7CA22DCB232}.Release|Any CPU.Build.0 = Release|Any CPU
		{349DF8C0-6746-4EC5-A58E-387682D67081}.Debug|Any CPU.ActiveCfg = Debug|Any CPU
		{349DF8C0-6746-4EC5-A58E-387682D67081}.Debug|Any CPU.Build.0 = Debug|Any CPU
		{349DF8C0-6746-4EC5-A58E-387682D67081}.Release|Any CPU.ActiveCfg = Release|Any CPU
		{349DF8C0-6746-4EC5-A58E-387682D67081}.Release|Any CPU.Build.0 = Release|Any CPU
	EndGlobalSection
	GlobalSection(SolutionProperties) = preSolution
		HideSolutionNode = FALSE
	EndGlobalSection
	GlobalSection(ExtensibilityGlobals) = postSolution
		SolutionGuid = {B5186215-8F61-4D85-8220-A3B2B23FA6EC}
	EndGlobalSection
EndGlobal
